
Microsoft Visual Studio Solution File, Format Version 12.00
# Visual Studio Version 17
VisualStudioVersion = 17.9.34728.123
MinimumVisualStudioVersion = 10.0.40219.1
Project("{9A19103F-16F7-4668-BE54-9A1E7A4F7556}") = "FlagX0.Web", "src\FlagX0.Web\FlagX0.Web.csproj", "{71F83741-1C6F-4CBC-87B8-D25B5C17A026}"
EndProject
Project("{FAE04EC0-301F-11D3-BF4B-00C04F79EFBC}") = "FlagX0.UnitTests", "FlagX0.UnitTests\FlagX0.UnitTests.csproj", "{EE9EAD25-AA90-4ACA-A7B2-47FF3301FB84}"
EndProject
Global
	GlobalSection(SolutionConfigurationPlatforms) = preSolution
		Debug|Any CPU = Debug|Any CPU
		Release|Any CPU = Release|Any CPU
	EndGlobalSection
	GlobalSection(ProjectConfigurationPlatforms) = postSolution
		{71F83741-1C6F-4CBC-87B8-D25B5C17A026}.Debug|Any CPU.ActiveCfg = Debug|Any CPU
		{71F83741-1C6F-4CBC-87B8-D25B5C17A026}.Debug|Any CPU.Build.0 = Debug|Any CPU
		{71F83741-1C6F-4CBC-87B8-D25B5C17A026}.Release|Any CPU.ActiveCfg = Release|Any CPU
		{71F83741-1C6F-4CBC-87B8-D25B5C17A026}.Release|Any CPU.Build.0 = Release|Any CPU
		{EE9EAD25-AA90-4ACA-A7B2-47FF3301FB84}.Debug|Any CPU.ActiveCfg = Debug|Any CPU
		{EE9EAD25-AA90-4ACA-A7B2-47FF3301FB84}.Debug|Any CPU.Build.0 = Debug|Any CPU
		{EE9EAD25-AA90-4ACA-A7B2-47FF3301FB84}.Release|Any CPU.ActiveCfg = Release|Any CPU
		{EE9EAD25-AA90-4ACA-A7B2-47FF3301FB84}.Release|Any CPU.Build.0 = Release|Any CPU
	EndGlobalSection
	GlobalSection(SolutionProperties) = preSolution
		HideSolutionNode = FALSE
	EndGlobalSection
	GlobalSection(ExtensibilityGlobals) = postSolution
		SolutionGuid = {9D9D191B-83A4-420B-90EB-F0458FD16375}
	EndGlobalSection
EndGlobal
